github.com/chrislusf/glow v0.0.0-20181102060906-4c40a2717eee h1:EXFmE/KIkIVqIwEdjTU/4ByEEJHpxD8lWeeK25WucfI=
github.com/chrislusf/glow v0.0.0-20181102060906-4c40a2717eee/go.mod h1:KW+lIPNlNKokBczNyKn9YJuRRDSzj7P5RYE0yKmEiVY=
github.com/golang/protobuf v1.5.0/go.mod h1:FsONVRAS9T7sI+LIUmWTfcYkHO4aIWwzhcaSAoJOfIk=
github.com/golang/protobuf v1.5.2/go.mod h1:XVQd3VNwM+JqD3oG2Ue2ip4fOMUkwXdXDdiuN0vRsmY=
github.com/google/go-cmp v0.5.5/go.mod h1:v8dTdLbMG2kIc/vJvl+f65V22dbkXbowE6jgT/gNBxE=
github.com/psilva261/timsort v1.0.0 h1:vN1NBPJU21gJot1ZkwoRLoxl+X7r9C+6VyVn0Y1i7KM=
github.com/psilva261/timsort v1.0.0/go.mod h1:x3tWJZU1tqg1f9WOmLcifuQ2kKjl1O8FwYGtm4PIwjc=
golang.org/x/xerrors v0.0.0-20191204190536-9bdfabe68543/go.mod h1:I/5z698sn9Ka8TeJc9MKroUUfqBBauWjQqLJ2OPfmY0=
google.golang.org/protobuf v1.26.0-rc.1/go.mod h1:jlhhOSvTdKEhbULTjvd4ARK9grFBp09yW+WbY/TyQbw=
google.golang.org/protobuf v1.26.0/go.mod h1:9q0QmTI4eRPtz6boOQmLYwt+qCgq0jsYwAQnmE0givc=
