github.com/coregx/gxpdf v0.2.0 h1:yya8G9kbqKAf6vHRhtnK1bFPzsYZf7psGXoNMz5iEJk=
github.com/coregx/gxpdf v0.2.0/go.mod h1:4dO4sQIKhgjXIm/lIQl67H8OEfkvy0+4Cq02eOrZ1v4=
github.com/gogpu/gg v0.23.0 h1:n4vWtE7sCZFqNbQhqUqKVq2LD2XJxmAUVpOZagNACgo=
github.com/gogpu/gg v0.23.0/go.mod h1:uUiPeNjkDQNf/a53+r2RNlZQB7LNCSF0kIO9zuzhFtU=
github.com/gogpu/gg-pdf v0.1.0 h1:ycm74h35Qaze+j7idDxekXq1OfxKvLAlbcJX2OZSr+s=
github.com/gogpu/gg-pdf v0.1.0/go.mod h1:AXurkMrgl9QMXtYO5Q+dBHPXrOX5U7gf1zBYMZmMnbY=
github.com/gogpu/gg-svg v0.1.0 h1:7UeFSMbKHLIBYmRp75I79k4+pbgKFlcD/Jh1CpY0Fk8=
github.com/gogpu/gg-svg v0.1.0/go.mod h1:69Ux5svW/qkHzoeyit8Q4402Dl7Lzv51LiZHupr56qI=
golang.org/x/image v0.35.0 h1:LKjiHdgMtO8z7Fh18nGY6KDcoEtVfsgLDPeLyguqb7I=
golang.org/x/image v0.35.0/go.mod h1:MwPLTVgvxSASsxdLzKrl8BRFuyqMyGhLwmC+TO1Sybk=
golang.org/x/text v0.33.0 h1:B3njUFyqtHDUI5jMn1YIr5B0IE2U0qck04r6d4KPAxE=
golang.org/x/text v0.33.0/go.mod h1:LuMebE6+rBincTi9+xWTY8TztLzKHc/9C1uBCG27+q8=
