github.com/coregx/gxpdf v0.2.0 h1:yya8G9kbqKAf6vHRhtnK1bFPzsYZf7psGXoNMz5iEJk=
github.com/coregx/gxpdf v0.2.0/go.mod h1:4dO4sQIKhgjXIm/lIQl67H8OEfkvy0+4Cq02eOrZ1v4=
github.com/davecgh/go-spew v1.1.1 h1:vj9j/u1bqnvCEfJOwUhtlOARqs3+rkHYY13jYWTU97c=
github.com/davecgh/go-spew v1.1.1/go.mod h1:J7Y8YcW2NihsgmVo/mv3lAwl/skON4iLHjSsI+c5H38=
github.com/gogpu/gg v0.23.0 h1:n4vWtE7sCZFqNbQhqUqKVq2LD2XJxmAUVpOZagNACgo=
github.com/gogpu/gg v0.23.0/go.mod h1:uUiPeNjkDQNf/a53+r2RNlZQB7LNCSF0kIO9zuzhFtU=
github.com/gogpu/gg-pdf v0.1.0 h1:ycm74h35Qaze+j7idDxekXq1OfxKvLAlbcJX2OZSr+s=
github.com/gogpu/gg-pdf v0.1.0/go.mod h1:AXurkMrgl9QMXtYO5Q+dBHPXrOX5U7gf1zBYMZmMnbY=
github.com/gogpu/gg-svg v0.1.0 h1:7UeFSMbKHLIBYmRp75I79k4+pbgKFlcD/Jh1CpY0Fk8=
github.com/gogpu/gg-svg v0.1.0/go.mod h1:69Ux5svW/qkHzoeyit8Q4402Dl7Lzv51LiZHupr56qI=
github.com/pmezard/go-difflib v1.0.0 h1:4DBwDE0NGyQoBHbLQYPwSUPoCMWR5BEzIk/f1lZbAQM=
github.com/pmezard/go-difflib v1.0.0/go.mod h1:iKH77koFhYxTK1pcRnkKkqfTogsbg7gZNVY4sRDYZ/4=
github.com/stretchr/testify v1.11.1 h1:7s2iGBzp5EwR7/aIZr8ao5+dra3wiQyKjjFuvgVKu7U=
github.com/stretchr/testify v1.11.1/go.mod h1:wZwfW3scLgRK+23gO65QZefKpKQRnfz6sD981Nm4B6U=
golang.org/x/image v0.41.0 h1:8wS72eGJMJaBxK6okTzd4WaXumUlTVlb753MlsSvTCo=
golang.org/x/image v0.41.0/go.mod h1:uIc348UZMSvS5Z65CVZ7iDPaNobNFEPeJ4kbqTOszmA=
golang.org/x/text v0.37.0 h1:Cqjiwd9eSg8e0QAkyCaQTNHFIIzWtidPahFWR83rTrc=
golang.org/x/text v0.37.0/go.mod h1:a5sjxXGs9hsn/AJVwuElvCAo9v8QYLzvavO5z2PiM38=
gopkg.in/yaml.v3 v3.0.1 h1:fxVm/GzAzEWqLHuvctI91KS9hhNmmWOoWu0XTYJS7CA=
gopkg.in/yaml.v3 v3.0.1/go.mod h1:K4uyk7z7BCEPqu6E+C64Yfv1cQ7kz7rIZviUmN+EgEM=
