github.com/tmthrgd/go-memset v0.0.0-20190904060434-6fb7a21f88f1 h1:KfSLDmc6rrLHr//urKbNApu51nt2AzdrwBCxqq0gRlk=
github.com/tmthrgd/go-memset v0.0.0-20190904060434-6fb7a21f88f1/go.mod h1:xUkvcKF3VBDKFmmqCtW333lognWBHzSScj4fgjVB0Ek=
golang.org/x/sys v0.1.0 h1:kunALQeHf1/185U1i0GOB/fy1IPRDDpuoOOqRReG57U=
golang.org/x/sys v0.1.0/go.mod h1:oPkhp1MJrh7nUepCBck5+mAzfO9JrbApNNgaTdGDITg=
