github.com/tmthrgd/go-memset v0.0.0-20190904060434-6fb7a21f88f1 h1:KfSLDmc6rrLHr//urKbNApu51nt2AzdrwBCxqq0gRlk=
github.com/tmthrgd/go-memset v0.0.0-20190904060434-6fb7a21f88f1/go.mod h1:xUkvcKF3VBDKFmmqCtW333lognWBHzSScj4fgjVB0Ek=
golang.org/x/sys v0.0.0-20200202164722-d101bd2416d5 h1:LfCXLvNmTYH9kEmVgqbnsWfruoXZIrh4YBgqVHtDvw0=
golang.org/x/sys v0.0.0-20200202164722-d101bd2416d5/go.mod h1:h1NjWce9XRLGQEsW7wpKNCjG9DtNlClVuFLEZdDNbEs=
