github.com/chrislusf/glow v0.0.0-20181102060906-4c40a2717eee h1:EXFmE/KIkIVqIwEdjTU/4ByEEJHpxD8lWeeK25WucfI=
github.com/chrislusf/glow v0.0.0-20181102060906-4c40a2717eee/go.mod h1:KW+lIPNlNKokBczNyKn9YJuRRDSzj7P5RYE0yKmEiVY=
github.com/psilva261/timsort v1.0.0 h1:vN1NBPJU21gJot1ZkwoRLoxl+X7r9C+6VyVn0Y1i7KM=
github.com/psilva261/timsort v1.0.0/go.mod h1:x3tWJZU1tqg1f9WOmLcifuQ2kKjl1O8FwYGtm4PIwjc=
